// !$*UTF8*$!
{
	archiveVersion = 1;
	classes = {
	};
	objectVersion = 56;
	objects = {

/* Begin PBXBuildFile section */
		045201732B7E9D0C00710121 /* SearchBar.swift in Sources */ = {isa = PBXBuildFile; fileRef = 045201722B7E9D0C00710121 /* SearchBar.swift */; };
		045201762B7EA50900710121 /* SearchBarDelegate.swift in Sources */ = {isa = PBXBuildFile; fileRef = 045201752B7EA50900710121 /* SearchBarDelegate.swift */; };
		045201792B7EA6EB00710121 /* verifyUrl.swift in Sources */ = {isa = PBXBuildFile; fileRef = 045201782B7EA6EB00710121 /* verifyUrl.swift */; };
		0452017B2B7EAB3700710121 /* showAlert.swift in Sources */ = {isa = PBXBuildFile; fileRef = 0452017A2B7EAB3700710121 /* showAlert.swift */; };
		047D694E2B8202E400539AF5 /* BookmarksModel.swift in Sources */ = {isa = PBXBuildFile; fileRef = 047D694D2B8202E400539AF5 /* BookmarksModel.swift */; };
		04E088332B7E6DF1006AD01C /* AppDelegate.swift in Sources */ = {isa = PBXBuildFile; fileRef = 04E088322B7E6DF1006AD01C /* AppDelegate.swift */; };
		04E088352B7E6DF1006AD01C /* SceneDelegate.swift in Sources */ = {isa = PBXBuildFile; fileRef = 04E088342B7E6DF1006AD01C /* SceneDelegate.swift */; };
		04E088372B7E6DF1006AD01C /* BrowserController.swift in Sources */ = {isa = PBXBuildFile; fileRef = 04E088362B7E6DF1006AD01C /* BrowserController.swift */; };
		04E0883C2B7E6DF3006AD01C /* Assets.xcassets in Resources */ = {isa = PBXBuildFile; fileRef = 04E0883B2B7E6DF3006AD01C /* Assets.xcassets */; };
		04E0883F2B7E6DF3006AD01C /* LaunchScreen.storyboard in Resources */ = {isa = PBXBuildFile; fileRef = 04E0883D2B7E6DF3006AD01C /* LaunchScreen.storyboard */; };
		04E088472B7E70EE006AD01C /* TabBarController.swift in Sources */ = {isa = PBXBuildFile; fileRef = 04E088462B7E70EE006AD01C /* TabBarController.swift */; };
		04E088492B7E71CC006AD01C /* BookmarksController.swift in Sources */ = {isa = PBXBuildFile; fileRef = 04E088482B7E71CC006AD01C /* BookmarksController.swift */; };
		04E0886C2B7E7BCD006AD01C /* BrowserController+extenstion.swift in Sources */ = {isa = PBXBuildFile; fileRef = 04E0886B2B7E7BCD006AD01C /* BrowserController+extenstion.swift */; };
		04FC63DB2B80CE90000F3842 /* BookmarksController+extension.swift in Sources */ = {isa = PBXBuildFile; fileRef = 04FC63DA2B80CE90000F3842 /* BookmarksController+extension.swift */; };
/* End PBXBuildFile section */

/* Begin PBXFileReference section */
		045201722B7E9D0C00710121 /* SearchBar.swift */ = {isa = PBXFileReference; lastKnownFileType = sourcecode.swift; path = SearchBar.swift; sourceTree = "<group>"; };
		045201752B7EA50900710121 /* SearchBarDelegate.swift */ = {isa = PBXFileReference; lastKnownFileType = sourcecode.swift; path = SearchBarDelegate.swift; sourceTree = "<group>"; };
		045201782B7EA6EB00710121 /* verifyUrl.swift */ = {isa = PBXFileReference; lastKnownFileType = sourcecode.swift; path = verifyUrl.swift; sourceTree = "<group>"; };
		0452017A2B7EAB3700710121 /* showAlert.swift */ = {isa = PBXFileReference; lastKnownFileType = sourcecode.swift; path = showAlert.swift; sourceTree = "<group>"; };
		047D694D2B8202E400539AF5 /* BookmarksModel.swift */ = {isa = PBXFileReference; lastKnownFileType = sourcecode.swift; path = BookmarksModel.swift; sourceTree = "<group>"; };
		04E0882F2B7E6DF1006AD01C /* TMS-IOS-LESSON-23-HW.app */ = {isa = PBXFileReference; explicitFileType = wrapper.application; includeInIndex = 0; path = "TMS-IOS-LESSON-23-HW.app"; sourceTree = BUILT_PRODUCTS_DIR; };
		04E088322B7E6DF1006AD01C /* AppDelegate.swift */ = {isa = PBXFileReference; lastKnownFileType = sourcecode.swift; path = AppDelegate.swift; sourceTree = "<group>"; };
		04E088342B7E6DF1006AD01C /* SceneDelegate.swift */ = {isa = PBXFileReference; lastKnownFileType = sourcecode.swift; path = SceneDelegate.swift; sourceTree = "<group>"; };
		04E088362B7E6DF1006AD01C /* BrowserController.swift */ = {isa = PBXFileReference; lastKnownFileType = sourcecode.swift; path = BrowserController.swift; sourceTree = "<group>"; };
		04E0883B2B7E6DF3006AD01C /* Assets.xcassets */ = {isa = PBXFileReference; lastKnownFileType = folder.assetcatalog; path = Assets.xcassets; sourceTree = "<group>"; };
		04E0883E2B7E6DF3006AD01C /* Base */ = {isa = PBXFileReference; lastKnownFileType = file.storyboard; name = Base; path = Base.lproj/LaunchScreen.storyboard; sourceTree = "<group>"; };
		04E088402B7E6DF3006AD01C /* Info.plist */ = {isa = PBXFileReference; lastKnownFileType = text.plist.xml; path = Info.plist; sourceTree = "<group>"; };
		04E088462B7E70EE006AD01C /* TabBarController.swift */ = {isa = PBXFileReference; lastKnownFileType = sourcecode.swift; path = TabBarController.swift; sourceTree = "<group>"; };
		04E088482B7E71CC006AD01C /* BookmarksController.swift */ = {isa = PBXFileReference; lastKnownFileType = sourcecode.swift; path = BookmarksController.swift; sourceTree = "<group>"; };
		04E0886B2B7E7BCD006AD01C /* BrowserController+extenstion.swift */ = {isa = PBXFileReference; lastKnownFileType = sourcecode.swift; path = "BrowserController+extenstion.swift"; sourceTree = "<group>"; };
		04FC63DA2B80CE90000F3842 /* BookmarksController+extension.swift */ = {isa = PBXFileReference; lastKnownFileType = sourcecode.swift; path = "BookmarksController+extension.swift"; sourceTree = "<group>"; };
/* End PBXFileReference section */

/* Begin PBXFrameworksBuildPhase section */
		04E0882C2B7E6DF1006AD01C /* Frameworks */ = {
			isa = PBXFrameworksBuildPhase;
			buildActionMask = 2147483647;
			files = (
			);
			runOnlyForDeploymentPostprocessing = 0;
		};
/* End PBXFrameworksBuildPhase section */

/* Begin PBXGroup section */
		0452016F2B7E9CB000710121 /* Navigation */ = {
			isa = PBXGroup;
			children = (
				04E088462B7E70EE006AD01C /* TabBarController.swift */,
			);
			path = Navigation;
			sourceTree = "<group>";
		};
		045201702B7E9CC000710121 /* ViewControllers */ = {
			isa = PBXGroup;
			children = (
				04E088362B7E6DF1006AD01C /* BrowserController.swift */,
				04E088482B7E71CC006AD01C /* BookmarksController.swift */,
			);
			name = ViewControllers;
			sourceTree = "<group>";
		};
		045201712B7E9CF300710121 /* Components */ = {
			isa = PBXGroup;
			children = (
				045201722B7E9D0C00710121 /* SearchBar.swift */,
			);
			path = Components;
			sourceTree = "<group>";
		};
		045201742B7EA4F300710121 /* Protocols */ = {
			isa = PBXGroup;
			children = (
				045201752B7EA50900710121 /* SearchBarDelegate.swift */,
			);
			path = Protocols;
			sourceTree = "<group>";
		};
		045201772B7EA6D900710121 /* Utils */ = {
			isa = PBXGroup;
			children = (
				045201782B7EA6EB00710121 /* verifyUrl.swift */,
				0452017A2B7EAB3700710121 /* showAlert.swift */,
			);
			path = Utils;
			sourceTree = "<group>";
		};
		047D694F2B82131900539AF5 /* Models */ = {
			isa = PBXGroup;
			children = (
				047D694D2B8202E400539AF5 /* BookmarksModel.swift */,
			);
			path = Models;
			sourceTree = "<group>";
		};
		04E088262B7E6DF1006AD01C = {
			isa = PBXGroup;
			children = (
				04E088312B7E6DF1006AD01C /* TMS-IOS-LESSON-23-HW */,
				04E088302B7E6DF1006AD01C /* Products */,
			);
			sourceTree = "<group>";
		};
		04E088302B7E6DF1006AD01C /* Products */ = {
			isa = PBXGroup;
			children = (
				04E0882F2B7E6DF1006AD01C /* TMS-IOS-LESSON-23-HW.app */,
			);
			name = Products;
			sourceTree = "<group>";
		};
		04E088312B7E6DF1006AD01C /* TMS-IOS-LESSON-23-HW */ = {
			isa = PBXGroup;
			children = (
				047D694F2B82131900539AF5 /* Models */,
				045201772B7EA6D900710121 /* Utils */,
				045201742B7EA4F300710121 /* Protocols */,
				045201712B7E9CF300710121 /* Components */,
				045201702B7E9CC000710121 /* ViewControllers */,
				0452016F2B7E9CB000710121 /* Navigation */,
				04E0886A2B7E7BA5006AD01C /* Extensions */,
				04E088322B7E6DF1006AD01C /* AppDelegate.swift */,
				04E088342B7E6DF1006AD01C /* SceneDelegate.swift */,
				04E0883B2B7E6DF3006AD01C /* Assets.xcassets */,
				04E0883D2B7E6DF3006AD01C /* LaunchScreen.storyboard */,
				04E088402B7E6DF3006AD01C /* Info.plist */,
			);
			path = "TMS-IOS-LESSON-23-HW";
			sourceTree = "<group>";
		};
		04E0886A2B7E7BA5006AD01C /* Extensions */ = {
			isa = PBXGroup;
			children = (
				04E0886B2B7E7BCD006AD01C /* BrowserController+extenstion.swift */,
				04FC63DA2B80CE90000F3842 /* BookmarksController+extension.swift */,
			);
			path = Extensions;
			sourceTree = "<group>";
		};
/* End PBXGroup section */

/* Begin PBXNativeTarget section */
		04E0882E2B7E6DF1006AD01C /* TMS-IOS-LESSON-23-HW */ = {
			isa = PBXNativeTarget;
			buildConfigurationList = 04E088432B7E6DF3006AD01C /* Build configuration list for PBXNativeTarget "TMS-IOS-LESSON-23-HW" */;
			buildPhases = (
				04E0882B2B7E6DF1006AD01C /* Sources */,
				04E0882C2B7E6DF1006AD01C /* Frameworks */,
				04E0882D2B7E6DF1006AD01C /* Resources */,
			);
			buildRules = (
			);
			dependencies = (
			);
			name = "TMS-IOS-LESSON-23-HW";
			productName = "TMS-IOS-LESSON-23-HW";
			productReference = 04E0882F2B7E6DF1006AD01C /* TMS-IOS-LESSON-23-HW.app */;
			productType = "com.apple.product-type.application";
		};
/* End PBXNativeTarget section */

/* Begin PBXProject section */
		04E088272B7E6DF1006AD01C /* Project object */ = {
			isa = PBXProject;
			attributes = {
				BuildIndependentTargetsInParallel = 1;
				LastSwiftUpdateCheck = 1500;
				LastUpgradeCheck = 1500;
				TargetAttributes = {
					04E0882E2B7E6DF1006AD01C = {
						CreatedOnToolsVersion = 15.0.1;
					};
				};
			};
			buildConfigurationList = 04E0882A2B7E6DF1006AD01C /* Build configuration list for PBXProject "TMS-IOS-LESSON-23-HW" */;
			compatibilityVersion = "Xcode 14.0";
			developmentRegion = en;
			hasScannedForEncodings = 0;
			knownRegions = (
				en,
				Base,
			);
			mainGroup = 04E088262B7E6DF1006AD01C;
			productRefGroup = 04E088302B7E6DF1006AD01C /* Products */;
			projectDirPath = "";
			projectRoot = "";
			targets = (
				04E0882E2B7E6DF1006AD01C /* TMS-IOS-LESSON-23-HW */,
			);
		};
/* End PBXProject section */

/* Begin PBXResourcesBuildPhase section */
		04E0882D2B7E6DF1006AD01C /* Resources */ = {
			isa = PBXResourcesBuildPhase;
			buildActionMask = 2147483647;
			files = (
				04E0883F2B7E6DF3006AD01C /* LaunchScreen.storyboard in Resources */,
				04E0883C2B7E6DF3006AD01C /* Assets.xcassets in Resources */,
			);
			runOnlyForDeploymentPostprocessing = 0;
		};
/* End PBXResourcesBuildPhase section */

/* Begin PBXSourcesBuildPhase section */
		04E0882B2B7E6DF1006AD01C /* Sources */ = {
			isa = PBXSourcesBuildPhase;
			buildActionMask = 2147483647;
			files = (
				045201762B7EA50900710121 /* SearchBarDelegate.swift in Sources */,
				047D694E2B8202E400539AF5 /* BookmarksModel.swift in Sources */,
				045201732B7E9D0C00710121 /* SearchBar.swift in Sources */,
				045201792B7EA6EB00710121 /* verifyUrl.swift in Sources */,
				0452017B2B7EAB3700710121 /* showAlert.swift in Sources */,
				04E088472B7E70EE006AD01C /* TabBarController.swift in Sources */,
				04E088372B7E6DF1006AD01C /* BrowserController.swift in Sources */,
				04E088332B7E6DF1006AD01C /* AppDelegate.swift in Sources */,
				04E088352B7E6DF1006AD01C /* SceneDelegate.swift in Sources */,
				04E088492B7E71CC006AD01C /* BookmarksController.swift in Sources */,
				04FC63DB2B80CE90000F3842 /* BookmarksController+extension.swift in Sources */,
				04E0886C2B7E7BCD006AD01C /* BrowserController+extenstion.swift in Sources */,
			);
			runOnlyForDeploymentPostprocessing = 0;
		};
/* End PBXSourcesBuildPhase section */

/* Begin PBXVariantGroup section */
		04E0883D2B7E6DF3006AD01C /* LaunchScreen.storyboard */ = {
			isa = PBXVariantGroup;
			children = (
				04E0883E2B7E6DF3006AD01C /* Base */,
			);
			name = LaunchScreen.storyboard;
			sourceTree = "<group>";
		};
/* End PBXVariantGroup section */

/* Begin XCBuildConfiguration section */
		04E088412B7E6DF3006AD01C /* Debug */ = {
			isa = XCBuildConfiguration;
			buildSettings = {
				ALWAYS_SEARCH_USER_PATHS = NO;
				ASSETCATALOG_COMPILER_GENERATE_SWIFT_ASSET_SYMBOL_EXTENSIONS = YES;
				CLANG_ANALYZER_NONNULL = YES;
				CLANG_ANALYZER_NUMBER_OBJECT_CONVERSION = YES_AGGRESSIVE;
				CLANG_CXX_LANGUAGE_STANDARD = "gnu++20";
				CLANG_ENABLE_MODULES = YES;
				CLANG_ENABLE_OBJC_ARC = YES;
				CLANG_ENABLE_OBJC_WEAK = YES;
				CLANG_WARN_BLOCK_CAPTURE_AUTORELEASING = YES;
				CLANG_WARN_BOOL_CONVERSION = YES;
				CLANG_WARN_COMMA = YES;
				CLANG_WARN_CONSTANT_CONVERSION = YES;
				CLANG_WARN_DEPRECATED_OBJC_IMPLEMENTATIONS = YES;
				CLANG_WARN_DIRECT_OBJC_ISA_USAGE = YES_ERROR;
				CLANG_WARN_DOCUMENTATION_COMMENTS = YES;
				CLANG_WARN_EMPTY_BODY = YES;
				CLANG_WARN_ENUM_CONVERSION = YES;
				CLANG_WARN_INFINITE_RECURSION = YES;
				CLANG_WARN_INT_CONVERSION = YES;
				CLANG_WARN_NON_LITERAL_NULL_CONVERSION = YES;
				CLANG_WARN_OBJC_IMPLICIT_RETAIN_SELF = YES;
				CLANG_WARN_OBJC_LITERAL_CONVERSION = YES;
				CLANG_WARN_OBJC_ROOT_CLASS = YES_ERROR;
				CLANG_WARN_QUOTED_INCLUDE_IN_FRAMEWORK_HEADER = YES;
				CLANG_WARN_RANGE_LOOP_ANALYSIS = YES;
				CLANG_WARN_STRICT_PROTOTYPES = YES;
				CLANG_WARN_SUSPICIOUS_MOVE = YES;
				CLANG_WARN_UNGUARDED_AVAILABILITY = YES_AGGRESSIVE;
				CLANG_WARN_UNREACHABLE_CODE = YES;
				CLANG_WARN__DUPLICATE_METHOD_MATCH = YES;
				COPY_PHASE_STRIP = NO;
				DEBUG_INFORMATION_FORMAT = dwarf;
				ENABLE_STRICT_OBJC_MSGSEND = YES;
				ENABLE_TESTABILITY = YES;
				ENABLE_USER_SCRIPT_SANDBOXING = YES;
				GCC_C_LANGUAGE_STANDARD = gnu17;
				GCC_DYNAMIC_NO_PIC = NO;
				GCC_NO_COMMON_BLOCKS = YES;
				GCC_OPTIMIZATION_LEVEL = 0;
				GCC_PREPROCESSOR_DEFINITIONS = (
					"DEBUG=1",
					"$(inherited)",
				);
				GCC_WARN_64_TO_32_BIT_CONVERSION = YES;
				GCC_WARN_ABOUT_RETURN_TYPE = YES_ERROR;
				GCC_WARN_UNDECLARED_SELECTOR = YES;
				GCC_WARN_UNINITIALIZED_AUTOS = YES_AGGRESSIVE;
				GCC_WARN_UNUSED_FUNCTION = YES;
				GCC_WARN_UNUSED_VARIABLE = YES;
				IPHONEOS_DEPLOYMENT_TARGET = 17.0;
				LOCALIZATION_PREFERS_STRING_CATALOGS = YES;
				MTL_ENABLE_DEBUG_INFO = INCLUDE_SOURCE;
				MTL_FAST_MATH = YES;
				ONLY_ACTIVE_ARCH = YES;
				SDKROOT = iphoneos;
				SWIFT_ACTIVE_COMPILATION_CONDITIONS = "DEBUG $(inherited)";
				SWIFT_OPTIMIZATION_LEVEL = "-Onone";
			};
			name = Debug;
		};
		04E088422B7E6DF3006AD01C /* Release */ = {
			isa = XCBuildConfiguration;
			buildSettings = {
				ALWAYS_SEARCH_USER_PATHS = NO;
				ASSETCATALOG_COMPILER_GENERATE_SWIFT_ASSET_SYMBOL_EXTENSIONS = YES;
				CLANG_ANALYZER_NONNULL = YES;
				CLANG_ANALYZER_NUMBER_OBJECT_CONVERSION = YES_AGGRESSIVE;
				CLANG_CXX_LANGUAGE_STANDARD = "gnu++20";
				CLANG_ENABLE_MODULES = YES;
				CLANG_ENABLE_OBJC_ARC = YES;
				CLANG_ENABLE_OBJC_WEAK = YES;
				CLANG_WARN_BLOCK_CAPTURE_AUTORELEASING = YES;
				CLANG_WARN_BOOL_CONVERSION = YES;
				CLANG_WARN_COMMA = YES;
				CLANG_WARN_CONSTANT_CONVERSION = YES;
				CLANG_WARN_DEPRECATED_OBJC_IMPLEMENTATIONS = YES;
				CLANG_WARN_DIRECT_OBJC_ISA_USAGE = YES_ERROR;
				CLANG_WARN_DOCUMENTATION_COMMENTS = YES;
				CLANG_WARN_EMPTY_BODY = YES;
				CLANG_WARN_ENUM_CONVERSION = YES;
				CLANG_WARN_INFINITE_RECURSION = YES;
				CLANG_WARN_INT_CONVERSION = YES;
				CLANG_WARN_NON_LITERAL_NULL_CONVERSION = YES;
				CLANG_WARN_OBJC_IMPLICIT_RETAIN_SELF = YES;
				CLANG_WARN_OBJC_LITERAL_CONVERSION = YES;
				CLANG_WARN_OBJC_ROOT_CLASS = YES_ERROR;
				CLANG_WARN_QUOTED_INCLUDE_IN_FRAMEWORK_HEADER = YES;
				CLANG_WARN_RANGE_LOOP_ANALYSIS = YES;
				CLANG_WARN_STRICT_PROTOTYPES = YES;
				CLANG_WARN_SUSPICIOUS_MOVE = YES;
				CLANG_WARN_UNGUARDED_AVAILABILITY = YES_AGGRESSIVE;
				CLANG_WARN_UNREACHABLE_CODE = YES;
				CLANG_WARN__DUPLICATE_METHOD_MATCH = YES;
				COPY_PHASE_STRIP = NO;
				DEBUG_INFORMATION_FORMAT = "dwarf-with-dsym";
				ENABLE_NS_ASSERTIONS = NO;
				ENABLE_STRICT_OBJC_MSGSEND = YES;
				ENABLE_USER_SCRIPT_SANDBOXING = YES;
				GCC_C_LANGUAGE_STANDARD = gnu17;
				GCC_NO_COMMON_BLOCKS = YES;
				GCC_WARN_64_TO_32_BIT_CONVERSION = YES;
				GCC_WARN_ABOUT_RETURN_TYPE = YES_ERROR;
				GCC_WARN_UNDECLARED_SELECTOR = YES;
				GCC_WARN_UNINITIALIZED_AUTOS = YES_AGGRESSIVE;
				GCC_WARN_UNUSED_FUNCTION = YES;
				GCC_WARN_UNUSED_VARIABLE = YES;
				IPHONEOS_DEPLOYMENT_TARGET = 17.0;
				LOCALIZATION_PREFERS_STRING_CATALOGS = YES;
				MTL_ENABLE_DEBUG_INFO = NO;
				MTL_FAST_MATH = YES;
				SDKROOT = iphoneos;
				SWIFT_COMPILATION_MODE = wholemodule;
				VALIDATE_PRODUCT = YES;
			};
			name = Release;
		};
		04E088442B7E6DF3006AD01C /* Debug */ = {
			isa = XCBuildConfiguration;
			buildSettings = {
				ASSETCATALOG_COMPILER_APPICON_NAME = AppIcon;
				ASSETCATALOG_COMPILER_GLOBAL_ACCENT_COLOR_NAME = AccentColor;
				CODE_SIGN_STYLE = Automatic;
				CURRENT_PROJECT_VERSION = 1;
				DEVELOPMENT_TEAM = N3LRJV66ML;
				GENERATE_INFOPLIST_FILE = YES;
				INFOPLIST_FILE = "TMS-IOS-LESSON-23-HW/Info.plist";
				INFOPLIST_KEY_UIApplicationSupportsIndirectInputEvents = YES;
				INFOPLIST_KEY_UILaunchStoryboardName = LaunchScreen;
				INFOPLIST_KEY_UISupportedInterfaceOrientations = UIInterfaceOrientationPortrait;
				LD_RUNPATH_SEARCH_PATHS = (
					"$(inherited)",
					"@executable_path/Frameworks",
				);
				MARKETING_VERSION = 1.0;
				PRODUCT_BUNDLE_IDENTIFIER = "anton.kurdo.TMS-IOS-LESSON-23-HW";
				PRODUCT_NAME = "$(TARGET_NAME)";
				SUPPORTED_PLATFORMS = "iphoneos iphonesimulator";
				SUPPORTS_MACCATALYST = NO;
				SUPPORTS_MAC_DESIGNED_FOR_IPHONE_IPAD = NO;
				SWIFT_EMIT_LOC_STRINGS = YES;
				SWIFT_VERSION = 5.0;
				TARGETED_DEVICE_FAMILY = 1;
			};
			name = Debug;
		};
		04E088452B7E6DF3006AD01C /* Release */ = {
			isa = XCBuildConfiguration;
			buildSettings = {
				ASSETCATALOG_COMPILER_APPICON_NAME = AppIcon;
				ASSETCATALOG_COMPILER_GLOBAL_ACCENT_COLOR_NAME = AccentColor;
				CODE_SIGN_STYLE = Automatic;
				CURRENT_PROJECT_VERSION = 1;
				DEVELOPMENT_TEAM = N3LRJV66ML;
				GENERATE_INFOPLIST_FILE = YES;
				INFOPLIST_FILE = "TMS-IOS-LESSON-23-HW/Info.plist";
				INFOPLIST_KEY_UIApplicationSupportsIndirectInputEvents = YES;
				INFOPLIST_KEY_UILaunchStoryboardName = LaunchScreen;
				INFOPLIST_KEY_UISupportedInterfaceOrientations = UIInterfaceOrientationPortrait;
				LD_RUNPATH_SEARCH_PATHS = (
					"$(inherited)",
					"@executable_path/Frameworks",
				);
				MARKETING_VERSION = 1.0;
				PRODUCT_BUNDLE_IDENTIFIER = "anton.kurdo.TMS-IOS-LESSON-23-HW";
				PRODUCT_NAME = "$(TARGET_NAME)";
				SUPPORTED_PLATFORMS = "iphoneos iphonesimulator";
				SUPPORTS_MACCATALYST = NO;
				SUPPORTS_MAC_DESIGNED_FOR_IPHONE_IPAD = NO;
				SWIFT_EMIT_LOC_STRINGS = YES;
				SWIFT_VERSION = 5.0;
				TARGETED_DEVICE_FAMILY = 1;
			};
			name = Release;
		};
/* End XCBuildConfiguration section */

/* Begin XCConfigurationList section */
		04E0882A2B7E6DF1006AD01C /* Build configuration list for PBXProject "TMS-IOS-LESSON-23-HW" */ = {
			isa = XCConfigurationList;
			buildConfigurations = (
				04E088412B7E6DF3006AD01C /* Debug */,
				04E088422B7E6DF3006AD01C /* Release */,
			);
			defaultConfigurationIsVisible = 0;
			defaultConfigurationName = Release;
		};
		04E088432B7E6DF3006AD01C /* Build configuration list for PBXNativeTarget "TMS-IOS-LESSON-23-HW" */ = {
			isa = XCConfigurationList;
			buildConfigurations = (
				04E088442B7E6DF3006AD01C /* Debug */,
				04E088452B7E6DF3006AD01C /* Release */,
			);
			defaultConfigurationIsVisible = 0;
			defaultConfigurationName = Release;
		};
/* End XCConfigurationList section */
	};
	rootObject = 04E088272B7E6DF1006AD01C /* Project object */;
}
